
Microsoft Visual Studio Solution File, Format Version 12.00
# Visual Studio Version 16
VisualStudioVersion = 16.0.30711.63
MinimumVisualStudioVersion = 15.0.26124.0
Project("{9A19103F-16F7-4668-BE54-9A1E7A4F7556}") = "ArQr", "Source\ArQr\ArQr.csproj", "{D827BAE5-C997-400B-B861-CCB483DCFADF}"
EndProject
Project("{FAE04EC0-301F-11D3-BF4B-00C04F79EFBC}") = "Domain", "Source\Domain\Domain.csproj", "{5348A9A1-1B9A-4800-8B4A-0F19B042A219}"
EndProject
Project("{FAE04EC0-301F-11D3-BF4B-00C04F79EFBC}") = "Data", "Source\Data\Data.csproj", "{8D640EA3-95C3-4A92-B1C8-22B25ED3E6AD}"
EndProject
Project("{FAE04EC0-301F-11D3-BF4B-00C04F79EFBC}") = "Resource", "Source\Resource\Resource.csproj", "{23E5D4F3-74B6-40DA-97C4-CE0F070C10A8}"
EndProject
Project("{FAE04EC0-301F-11D3-BF4B-00C04F79EFBC}") = "Blazor", "Source\Front\Blazor\Blazor.csproj", "{12635494-A206-4ECE-BBC3-CD58AC0EAA11}"
EndProject
Global
	GlobalSection(SolutionConfigurationPlatforms) = preSolution
		Debug|Any CPU = Debug|Any CPU
		Debug|x64 = Debug|x64
		Debug|x86 = Debug|x86
		Release|Any CPU = Release|Any CPU
		Release|x64 = Release|x64
		Release|x86 = Release|x86
	EndGlobalSection
	GlobalSection(ProjectConfigurationPlatforms) = postSolution
		{D827BAE5-C997-400B-B861-CCB483DCFADF}.Debug|Any CPU.ActiveCfg = Debug|Any CPU
		{D827BAE5-C997-400B-B861-CCB483DCFADF}.Debug|Any CPU.Build.0 = Debug|Any CPU
		{D827BAE5-C997-400B-B861-CCB483DCFADF}.Debug|x64.ActiveCfg = Debug|Any CPU
		{D827BAE5-C997-400B-B861-CCB483DCFADF}.Debug|x64.Build.0 = Debug|Any CPU
		{D827BAE5-C997-400B-B861-CCB483DCFADF}.Debug|x86.ActiveCfg = Debug|Any CPU
		{D827BAE5-C997-400B-B861-CCB483DCFADF}.Debug|x86.Build.0 = Debug|Any CPU
		{D827BAE5-C997-400B-B861-CCB483DCFADF}.Release|Any CPU.ActiveCfg = Release|Any CPU
		{D827BAE5-C997-400B-B861-CCB483DCFADF}.Release|Any CPU.Build.0 = Release|Any CPU
		{D827BAE5-C997-400B-B861-CCB483DCFADF}.Release|x64.ActiveCfg = Release|Any CPU
		{D827BAE5-C997-400B-B861-CCB483DCFADF}.Release|x64.Build.0 = Release|Any CPU
		{D827BAE5-C997-400B-B861-CCB483DCFADF}.Release|x86.ActiveCfg = Release|Any CPU
		{D827BAE5-C997-400B-B861-CCB483DCFADF}.Release|x86.Build.0 = Release|Any CPU
		{5348A9A1-1B9A-4800-8B4A-0F19B042A219}.Debug|Any CPU.ActiveCfg = Debug|Any CPU
		{5348A9A1-1B9A-4800-8B4A-0F19B042A219}.Debug|Any CPU.Build.0 = Debug|Any CPU
		{5348A9A1-1B9A-4800-8B4A-0F19B042A219}.Debug|x64.ActiveCfg = Debug|Any CPU
		{5348A9A1-1B9A-4800-8B4A-0F19B042A219}.Debug|x64.Build.0 = Debug|Any CPU
		{5348A9A1-1B9A-4800-8B4A-0F19B042A219}.Debug|x86.ActiveCfg = Debug|Any CPU
		{5348A9A1-1B9A-4800-8B4A-0F19B042A219}.Debug|x86.Build.0 = Debug|Any CPU
		{5348A9A1-1B9A-4800-8B4A-0F19B042A219}.Release|Any CPU.ActiveCfg = Release|Any CPU
		{5348A9A1-1B9A-4800-8B4A-0F19B042A219}.Release|Any CPU.Build.0 = Release|Any CPU
		{5348A9A1-1B9A-4800-8B4A-0F19B042A219}.Release|x64.ActiveCfg = Release|Any CPU
		{5348A9A1-1B9A-4800-8B4A-0F19B042A219}.Release|x64.Build.0 = Release|Any CPU
		{5348A9A1-1B9A-4800-8B4A-0F19B042A219}.Release|x86.ActiveCfg = Release|Any CPU
		{5348A9A1-1B9A-4800-8B4A-0F19B042A219}.Release|x86.Build.0 = Release|Any CPU
		{8D640EA3-95C3-4A92-B1C8-22B25ED3E6AD}.Debug|Any CPU.ActiveCfg = Debug|Any CPU
		{8D640EA3-95C3-4A92-B1C8-22B25ED3E6AD}.Debug|Any CPU.Build.0 = Debug|Any CPU
		{8D640EA3-95C3-4A92-B1C8-22B25ED3E6AD}.Debug|x64.ActiveCfg = Debug|Any CPU
		{8D640EA3-95C3-4A92-B1C8-22B25ED3E6AD}.Debug|x64.Build.0 = Debug|Any CPU
		{8D640EA3-95C3-4A92-B1C8-22B25ED3E6AD}.Debug|x86.ActiveCfg = Debug|Any CPU
		{8D640EA3-95C3-4A92-B1C8-22B25ED3E6AD}.Debug|x86.Build.0 = Debug|Any CPU
		{8D640EA3-95C3-4A92-B1C8-22B25ED3E6AD}.Release|Any CPU.ActiveCfg = Release|Any CPU
		{8D640EA3-95C3-4A92-B1C8-22B25ED3E6AD}.Release|Any CPU.Build.0 = Release|Any CPU
		{8D640EA3-95C3-4A92-B1C8-22B25ED3E6AD}.Release|x64.ActiveCfg = Release|Any CPU
		{8D640EA3-95C3-4A92-B1C8-22B25ED3E6AD}.Release|x64.Build.0 = Release|Any CPU
		{8D640EA3-95C3-4A92-B1C8-22B25ED3E6AD}.Release|x86.ActiveCfg = Release|Any CPU
		{8D640EA3-95C3-4A92-B1C8-22B25ED3E6AD}.Release|x86.Build.0 = Release|Any CPU
		{23E5D4F3-74B6-40DA-97C4-CE0F070C10A8}.Debug|Any CPU.ActiveCfg = Debug|Any CPU
		{23E5D4F3-74B6-40DA-97C4-CE0F070C10A8}.Debug|Any CPU.Build.0 = Debug|Any CPU
		{23E5D4F3-74B6-40DA-97C4-CE0F070C10A8}.Debug|x64.ActiveCfg = Debug|Any CPU
		{23E5D4F3-74B6-40DA-97C4-CE0F070C10A8}.Debug|x64.Build.0 = Debug|Any CPU
		{23E5D4F3-74B6-40DA-97C4-CE0F070C10A8}.Debug|x86.ActiveCfg = Debug|Any CPU
		{23E5D4F3-74B6-40DA-97C4-CE0F070C10A8}.Debug|x86.Build.0 = Debug|Any CPU
		{23E5D4F3-74B6-40DA-97C4-CE0F070C10A8}.Release|Any CPU.ActiveCfg = Release|Any CPU
		{23E5D4F3-74B6-40DA-97C4-CE0F070C10A8}.Release|Any CPU.Build.0 = Release|Any CPU
		{23E5D4F3-74B6-40DA-97C4-CE0F070C10A8}.Release|x64.ActiveCfg = Release|Any CPU
		{23E5D4F3-74B6-40DA-97C4-CE0F070C10A8}.Release|x64.Build.0 = Release|Any CPU
		{23E5D4F3-74B6-40DA-97C4-CE0F070C10A8}.Release|x86.ActiveCfg = Release|Any CPU
		{23E5D4F3-74B6-40DA-97C4-CE0F070C10A8}.Release|x86.Build.0 = Release|Any CPU
		{12635494-A206-4ECE-BBC3-CD58AC0EAA11}.Debug|Any CPU.ActiveCfg = Debug|Any CPU
		{12635494-A206-4ECE-BBC3-CD58AC0EAA11}.Debug|Any CPU.Build.0 = Debug|Any CPU
		{12635494-A206-4ECE-BBC3-CD58AC0EAA11}.Debug|x64.ActiveCfg = Debug|Any CPU
		{12635494-A206-4ECE-BBC3-CD58AC0EAA11}.Debug|x64.Build.0 = Debug|Any CPU
		{12635494-A206-4ECE-BBC3-CD58AC0EAA11}.Debug|x86.ActiveCfg = Debug|Any CPU
		{12635494-A206-4ECE-BBC3-CD58AC0EAA11}.Debug|x86.Build.0 = Debug|Any CPU
		{12635494-A206-4ECE-BBC3-CD58AC0EAA11}.Release|Any CPU.ActiveCfg = Release|Any CPU
		{12635494-A206-4ECE-BBC3-CD58AC0EAA11}.Release|Any CPU.Build.0 = Release|Any CPU
		{12635494-A206-4ECE-BBC3-CD58AC0EAA11}.Release|x64.ActiveCfg = Release|Any CPU
		{12635494-A206-4ECE-BBC3-CD58AC0EAA11}.Release|x64.Build.0 = Release|Any CPU
		{12635494-A206-4ECE-BBC3-CD58AC0EAA11}.Release|x86.ActiveCfg = Release|Any CPU
		{12635494-A206-4ECE-BBC3-CD58AC0EAA11}.Release|x86.Build.0 = Release|Any CPU
	EndGlobalSection
	GlobalSection(SolutionProperties) = preSolution
		HideSolutionNode = FALSE
	EndGlobalSection
	GlobalSection(ExtensibilityGlobals) = postSolution
		SolutionGuid = {E650F52B-FAC2-4761-B7F2-8320375A447A}
	EndGlobalSection
EndGlobal
